<?xml version="1.0" encoding="utf-8"?>
<Project ToolsVersion="4.0" xmlns="http://schemas.microsoft.com/developer/msbuild/2003">
  <ItemGroup>
    <Filter Include="Source Files">
      <UniqueIdentifier>{4FC737F1-C7A5-4376-A066-2A32D752A2FF}</UniqueIdentifier>
      <Extensions>cpp;c;cc;cxx;def;odl;idl;hpj;bat;asm;asmx</Extensions>
    </Filter>
    <Filter Include="Header Files">
      <UniqueIdentifier>{93995380-89BD-4b04-88EB-625FBE52EBFB}</UniqueIdentifier>
      <Extensions>h;hpp;hxx;hm;inl;inc;xsd</Extensions>
    </Filter>
    <Filter Include="Resource Files">
      <UniqueIdentifier>{67DA6AB6-F800-4c08-8B7A-83BB121AAD01}</UniqueIdentifier>
      <Extensions>rc;ico;cur;bmp;dlg;rc2;rct;bin;rgs;gif;jpg;jpeg;jpe;resx;tiff;tif;png;wav;mfcribbon-ms</Extensions>
    </Filter>
  </ItemGroup>
  <ItemGroup>
    <ClCompile Include="main.cc">
      <Filter>Source Files</Filter>
    </ClCompile>
    <ClCompile Include="CAnalys.cc">
      <Filter>Source Files</Filter>
    </ClCompile>
    <ClCompile Include="Node.cpp">
      <Filter>Source Files</Filter>
    </ClCompile>
    <ClCompile Include="Tree.cpp">
      <Filter>Source Files</Filter>
    </ClCompile>
    <ClCompile Include="Symbol.cpp">
      <Filter>Source Files</Filter>
    </ClCompile>
    <ClCompile Include="SymbolTable.cpp">
      <Filter>Source Files</Filter>
    </ClCompile>
    <ClCompile Include="FunctionNode.cpp">
      <Filter>Source Files</Filter>
    </ClCompile>
    <ClCompile Include="CodeFile.cpp">
      <Filter>Source Files</Filter>
    </ClCompile>
    <ClCompile Include="Obfuscator.cpp">
      <Filter>Source Files</Filter>
    </ClCompile>
    <ClCompile Include="ONConstant.cpp">
      <Filter>Source Files</Filter>
    </ClCompile>
    <ClCompile Include="ONString.cpp">
      <Filter>Source Files</Filter>
    </ClCompile>
    <ClCompile Include="pre.cpp">
      <Filter>Source Files</Filter>
    </ClCompile>
    <ClCompile Include="ONIdentifier.cpp">
      <Filter>Source Files</Filter>
    </ClCompile>
    <ClCompile Include="ONWhile.cpp">
      <Filter>Source Files</Filter>
    </ClCompile>
    <ClCompile Include="ExtraString.cpp">
      <Filter>Source Files</Filter>
    </ClCompile>
    <ClCompile Include="CLexer.cc">
      <Filter>Source Files</Filter>
    </ClCompile>
    <ClCompile Include="CParser.cc">
      <Filter>Source Files</Filter>
    </ClCompile>
    <ClCompile Include="NotObfusIdTable.cpp">
      <Filter>Source Files</Filter>
    </ClCompile>
    <ClCompile Include="IdentifierGenerator.cpp">
      <Filter>Source Files</Filter>
    </ClCompile>
    <ClCompile Include="RecordTable.cpp">
      <Filter>Source Files</Filter>
    </ClCompile>
    <ClCompile Include="ArgPack.cpp">
      <Filter>Source Files</Filter>
    </ClCompile>
    <ClCompile Include="ONBlockItemList.cpp">
      <Filter>Source Files</Filter>
    </ClCompile>
    <ClCompile Include="ONDoWhile.cpp">
      <Filter>Source Files</Filter>
    </ClCompile>
    <ClCompile Include="ONFor.cpp">
      <Filter>Source Files</Filter>
    </ClCompile>
    <ClCompile Include="NumberExpGenerator.cpp">
      <Filter>Source Files</Filter>
    </ClCompile>
  </ItemGroup>
  <ItemGroup>
    <ClInclude Include="CAnalys.h">
      <Filter>Header Files</Filter>
    </ClInclude>
    <ClInclude Include="Node.h">
      <Filter>Header Files</Filter>
    </ClInclude>
    <ClInclude Include="Tree.h">
      <Filter>Header Files</Filter>
    </ClInclude>
    <ClInclude Include="Symbol.h">
      <Filter>Header Files</Filter>
    </ClInclude>
    <ClInclude Include="TokenTypes.h">
      <Filter>Header Files</Filter>
    </ClInclude>
    <ClInclude Include="SymbolTable.h">
      <Filter>Header Files</Filter>
    </ClInclude>
    <ClInclude Include="FunctionNode.h">
      <Filter>Header Files</Filter>
    </ClInclude>
    <ClInclude Include="CodeFile.h">
      <Filter>Header Files</Filter>
    </ClInclude>
    <ClInclude Include="IObfusNode.h">
      <Filter>Header Files</Filter>
    </ClInclude>
    <ClInclude Include="Obfuscator.h">
      <Filter>Header Files</Filter>
    </ClInclude>
    <ClInclude Include="ONConstant.h">
      <Filter>Header Files</Filter>
    </ClInclude>
    <ClInclude Include="ONString.h">
      <Filter>Header Files</Filter>
    </ClInclude>
    <ClInclude Include="pre.h">
      <Filter>Header Files</Filter>
    </ClInclude>
    <ClInclude Include="ONIdentifier.h">
      <Filter>Header Files</Filter>
    </ClInclude>
    <ClInclude Include="ONWhile.h">
      <Filter>Header Files</Filter>
    </ClInclude>
    <ClInclude Include="ExtraString.h">
      <Filter>Header Files</Filter>
    </ClInclude>
    <ClInclude Include="CLexer.h">
      <Filter>Header Files</Filter>
    </ClInclude>
    <ClInclude Include="CParser.h">
      <Filter>Header Files</Filter>
    </ClInclude>
    <ClInclude Include="NotObfusIdTable.h">
      <Filter>Header Files</Filter>
    </ClInclude>
    <ClInclude Include="IdentifierGenerator.h">
      <Filter>Header Files</Filter>
    </ClInclude>
    <ClInclude Include="RecordTable.h">
      <Filter>Header Files</Filter>
    </ClInclude>
    <ClInclude Include="getopt.h">
      <Filter>Header Files</Filter>
    </ClInclude>
    <ClInclude Include="ArgPack.h">
      <Filter>Header Files</Filter>
    </ClInclude>
    <ClInclude Include="ONBlockItemList.h">
      <Filter>Header Files</Filter>
    </ClInclude>
    <ClInclude Include="ONDoWhile.h">
      <Filter>Header Files</Filter>
    </ClInclude>
    <ClInclude Include="ONFor.h">
      <Filter>Header Files</Filter>
    </ClInclude>
    <ClInclude Include="NumberExpGenerator.h">
      <Filter>Header Files</Filter>
    </ClInclude>
  </ItemGroup>
  <ItemGroup>
    <None Include="CLexer.l" />
    <None Include="CParser.y" />
    <None Include="ToDo.txt" />
  </ItemGroup>
</Project>